
Microsoft Visual Studio Solution File, Format Version 12.00
# Visual Studio Version 16
VisualStudioVersion = 16.0.30503.244
MinimumVisualStudioVersion = 10.0.40219.1
Project("{8BC9CEB8-8B4A-11D0-8D11-00A0C91BC942}") = "task5", "task5\task5.vcxproj", "{C4BE3427-97EA-464D-9F57-73506EF6AF35}"
EndProject
Global
	GlobalSection(SolutionConfigurationPlatforms) = preSolution
		Debug|x64 = Debug|x64
		Debug|x86 = Debug|x86
		Release|x64 = Release|x64
		Release|x86 = Release|x86
	EndGlobalSection
	GlobalSection(ProjectConfigurationPlatforms) = postSolution
		{C4BE3427-97EA-464D-9F57-73506EF6AF35}.Debug|x64.ActiveCfg = Debug|x64
		{C4BE3427-97EA-464D-9F57-73506EF6AF35}.Debug|x64.Build.0 = Debug|x64
		{C4BE3427-97EA-464D-9F57-73506EF6AF35}.Debug|x86.ActiveCfg = Debug|Win32
		{C4BE3427-97EA-464D-9F57-73506EF6AF35}.Debug|x86.Build.0 = Debug|Win32
		{C4BE3427-97EA-464D-9F57-73506EF6AF35}.Release|x64.ActiveCfg = Release|x64
		{C4BE3427-97EA-464D-9F57-73506EF6AF35}.Release|x64.Build.0 = Release|x64
		{C4BE3427-97EA-464D-9F57-73506EF6AF35}.Release|x86.ActiveCfg = Release|Win32
		{C4BE3427-97EA-464D-9F57-73506EF6AF35}.Release|x86.Build.0 = Release|Win32
	EndGlobalSection
	GlobalSection(SolutionProperties) = preSolution
		HideSolutionNode = FALSE
	EndGlobalSection
	GlobalSection(ExtensibilityGlobals) = postSolution
		SolutionGuid = {1B208D57-203C-4FB5-8DE6-C4C6EAC68CDB}
	EndGlobalSection
EndGlobal
